
Microsoft Visual Studio Solution File, Format Version 12.00
# Visual Studio Version 16
VisualStudioVersion = 16.0.30503.244
MinimumVisualStudioVersion = 10.0.40219.1
Project("{8BC9CEB8-8B4A-11D0-8D11-00A0C91BC942}") = "Files", "Files\Files.vcxproj", "{5B35C6B9-36B3-4DD1-86BE-170C1DBD0DF6}"
EndProject
Project("{8BC9CEB8-8B4A-11D0-8D11-00A0C91BC942}") = "Exchange", "Exchange\Exchange.vcxproj", "{0168AAC3-2198-4586-BF40-1952D219089A}"
EndProject
Project("{8BC9CEB8-8B4A-11D0-8D11-00A0C91BC942}") = "Recursion", "Recursion\Recursion.vcxproj", "{485FD5F6-9D3B-439A-879F-9856C011B3F4}"
EndProject
Global
	GlobalSection(SolutionConfigurationPlatforms) = preSolution
		Debug|x64 = Debug|x64
		Debug|x86 = Debug|x86
		Release|x64 = Release|x64
		Release|x86 = Release|x86
	EndGlobalSection
	GlobalSection(ProjectConfigurationPlatforms) = postSolution
		{5B35C6B9-36B3-4DD1-86BE-170C1DBD0DF6}.Debug|x64.ActiveCfg = Debug|x64
		{5B35C6B9-36B3-4DD1-86BE-170C1DBD0DF6}.Debug|x64.Build.0 = Debug|x64
		{5B35C6B9-36B3-4DD1-86BE-170C1DBD0DF6}.Debug|x86.ActiveCfg = Debug|Win32
		{5B35C6B9-36B3-4DD1-86BE-170C1DBD0DF6}.Debug|x86.Build.0 = Debug|Win32
		{5B35C6B9-36B3-4DD1-86BE-170C1DBD0DF6}.Release|x64.ActiveCfg = Release|x64
		{5B35C6B9-36B3-4DD1-86BE-170C1DBD0DF6}.Release|x64.Build.0 = Release|x64
		{5B35C6B9-36B3-4DD1-86BE-170C1DBD0DF6}.Release|x86.ActiveCfg = Release|Win32
		{5B35C6B9-36B3-4DD1-86BE-170C1DBD0DF6}.Release|x86.Build.0 = Release|Win32
		{0168AAC3-2198-4586-BF40-1952D219089A}.Debug|x64.ActiveCfg = Debug|x64
		{0168AAC3-2198-4586-BF40-1952D219089A}.Debug|x64.Build.0 = Debug|x64
		{0168AAC3-2198-4586-BF40-1952D219089A}.Debug|x86.ActiveCfg = Debug|Win32
		{0168AAC3-2198-4586-BF40-1952D219089A}.Debug|x86.Build.0 = Debug|Win32
		{0168AAC3-2198-4586-BF40-1952D219089A}.Release|x64.ActiveCfg = Release|x64
		{0168AAC3-2198-4586-BF40-1952D219089A}.Release|x64.Build.0 = Release|x64
		{0168AAC3-2198-4586-BF40-1952D219089A}.Release|x86.ActiveCfg = Release|Win32
		{0168AAC3-2198-4586-BF40-1952D219089A}.Release|x86.Build.0 = Release|Win32
		{485FD5F6-9D3B-439A-879F-9856C011B3F4}.Debug|x64.ActiveCfg = Debug|x64
		{485FD5F6-9D3B-439A-879F-9856C011B3F4}.Debug|x64.Build.0 = Debug|x64
		{485FD5F6-9D3B-439A-879F-9856C011B3F4}.Debug|x86.ActiveCfg = Debug|Win32
		{485FD5F6-9D3B-439A-879F-9856C011B3F4}.Debug|x86.Build.0 = Debug|Win32
		{485FD5F6-9D3B-439A-879F-9856C011B3F4}.Release|x64.ActiveCfg = Release|x64
		{485FD5F6-9D3B-439A-879F-9856C011B3F4}.Release|x64.Build.0 = Release|x64
		{485FD5F6-9D3B-439A-879F-9856C011B3F4}.Release|x86.ActiveCfg = Release|Win32
		{485FD5F6-9D3B-439A-879F-9856C011B3F4}.Release|x86.Build.0 = Release|Win32
	EndGlobalSection
	GlobalSection(SolutionProperties) = preSolution
		HideSolutionNode = FALSE
	EndGlobalSection
	GlobalSection(ExtensibilityGlobals) = postSolution
		SolutionGuid = {F14B28C4-6273-423E-97E2-9E96B2DA935C}
	EndGlobalSection
EndGlobal
